
Microsoft Visual Studio Solution File, Format Version 11.00
# Visual Studio 2010
Project("{FAE04EC0-301F-11D3-BF4B-00C04F79EFBC}") = "CreateModbusDeviceTags", "CreateModbusDeviceTags\CreateModbusDeviceTags.csproj", "{2C365FA1-A1C8-45DA-B18B-B4EB3910761E}"
EndProject
Global
	GlobalSection(SolutionConfigurationPlatforms) = preSolution
		Debug|x86 = Debug|x86
		Release|x86 = Release|x86
	EndGlobalSection
	GlobalSection(ProjectConfigurationPlatforms) = postSolution
		{2C365FA1-A1C8-45DA-B18B-B4EB3910761E}.Debug|x86.ActiveCfg = Debug|x86
		{2C365FA1-A1C8-45DA-B18B-B4EB3910761E}.Debug|x86.Build.0 = Debug|x86
		{2C365FA1-A1C8-45DA-B18B-B4EB3910761E}.Release|x86.ActiveCfg = Release|x86
		{2C365FA1-A1C8-45DA-B18B-B4EB3910761E}.Release|x86.Build.0 = Release|x86
	EndGlobalSection
	GlobalSection(SolutionProperties) = preSolution
		HideSolutionNode = FALSE
	EndGlobalSection
EndGlobal
