
Microsoft Visual Studio Solution File, Format Version 11.00
# Visual Studio 2010
Project("{FAE04EC0-301F-11D3-BF4B-00C04F79EFBC}") = "NodeRED_WAConversionNodeTest", "NodeRED_WAConversionNodeTest\NodeRED_WAConversionNodeTest.csproj", "{408075FB-58E6-4BA4-9E8E-CDF772F1D221}"
EndProject
Global
	GlobalSection(SolutionConfigurationPlatforms) = preSolution
		Debug|x86 = Debug|x86
		Release|x86 = Release|x86
	EndGlobalSection
	GlobalSection(ProjectConfigurationPlatforms) = postSolution
		{408075FB-58E6-4BA4-9E8E-CDF772F1D221}.Debug|x86.ActiveCfg = Debug|x86
		{408075FB-58E6-4BA4-9E8E-CDF772F1D221}.Debug|x86.Build.0 = Debug|x86
		{408075FB-58E6-4BA4-9E8E-CDF772F1D221}.Release|x86.ActiveCfg = Release|x86
		{408075FB-58E6-4BA4-9E8E-CDF772F1D221}.Release|x86.Build.0 = Release|x86
	EndGlobalSection
	GlobalSection(SolutionProperties) = preSolution
		HideSolutionNode = FALSE
	EndGlobalSection
EndGlobal
