
Microsoft Visual Studio Solution File, Format Version 11.00
# Visual Studio 2010
Project("{FAE04EC0-301F-11D3-BF4B-00C04F79EFBC}") = "View_and_Save_AlarmData", "View_and_Save_AlarmData\View_and_Save_AlarmData.csproj", "{784C5FE2-31B7-477C-9A06-F78012AB82ED}"
EndProject
Global
	GlobalSection(SolutionConfigurationPlatforms) = preSolution
		Debug|x86 = Debug|x86
		Release|x86 = Release|x86
	EndGlobalSection
	GlobalSection(ProjectConfigurationPlatforms) = postSolution
		{784C5FE2-31B7-477C-9A06-F78012AB82ED}.Debug|x86.ActiveCfg = Debug|x86
		{784C5FE2-31B7-477C-9A06-F78012AB82ED}.Debug|x86.Build.0 = Debug|x86
		{784C5FE2-31B7-477C-9A06-F78012AB82ED}.Release|x86.ActiveCfg = Release|x86
		{784C5FE2-31B7-477C-9A06-F78012AB82ED}.Release|x86.Build.0 = Release|x86
	EndGlobalSection
	GlobalSection(SolutionProperties) = preSolution
		HideSolutionNode = FALSE
	EndGlobalSection
EndGlobal
